
Microsoft Visual Studio Solution File, Format Version 12.00
# Visual Studio 15
VisualStudioVersion = 15.0.27130.2027
MinimumVisualStudioVersion = 10.0.40219.1
Project("{FAE04EC0-301F-11D3-BF4B-00C04F79EFBC}") = "TestMakerFreeApp", "TestMakerFreeApp\TestMakerFreeApp.csproj", "{A53524A1-D643-43AA-AE2A-A9A973DE6C86}"
EndProject
Global
	GlobalSection(SolutionConfigurationPlatforms) = preSolution
		Debug|Any CPU = Debug|Any CPU
		Release|Any CPU = Release|Any CPU
	EndGlobalSection
	GlobalSection(ProjectConfigurationPlatforms) = postSolution
		{A53524A1-D643-43AA-AE2A-A9A973DE6C86}.Debug|Any CPU.ActiveCfg = Debug|Any CPU
		{A53524A1-D643-43AA-AE2A-A9A973DE6C86}.Debug|Any CPU.Build.0 = Debug|Any CPU
		{A53524A1-D643-43AA-AE2A-A9A973DE6C86}.Release|Any CPU.ActiveCfg = Release|Any CPU
		{A53524A1-D643-43AA-AE2A-A9A973DE6C86}.Release|Any CPU.Build.0 = Release|Any CPU
	EndGlobalSection
	GlobalSection(SolutionProperties) = preSolution
		HideSolutionNode = FALSE
	EndGlobalSection
	GlobalSection(ExtensibilityGlobals) = postSolution
		SolutionGuid = {094D2714-141A-4B93-A63B-03D5F3DF10E2}
	EndGlobalSection
EndGlobal
